
Microsoft Visual Studio Solution File, Format Version 12.00
# Visual Studio 15
VisualStudioVersion = 15.0.28307.1145
MinimumVisualStudioVersion = 10.0.40219.1
Project("{FAE04EC0-301F-11D3-BF4B-00C04F79EFBC}") = "CrystalReportsApplication11", "CrystalReportsApplication11\CrystalReportsApplication11.csproj", "{7901DF4B-456D-4558-8353-D5D7FCF272B6}"
EndProject
Global
	GlobalSection(SolutionConfigurationPlatforms) = preSolution
		Debug|Any CPU = Debug|Any CPU
		Release|Any CPU = Release|Any CPU
	EndGlobalSection
	GlobalSection(ProjectConfigurationPlatforms) = postSolution
		{7901DF4B-456D-4558-8353-D5D7FCF272B6}.Debug|Any CPU.ActiveCfg = Debug|Any CPU
		{7901DF4B-456D-4558-8353-D5D7FCF272B6}.Debug|Any CPU.Build.0 = Debug|Any CPU
		{7901DF4B-456D-4558-8353-D5D7FCF272B6}.Release|Any CPU.ActiveCfg = Release|Any CPU
		{7901DF4B-456D-4558-8353-D5D7FCF272B6}.Release|Any CPU.Build.0 = Release|Any CPU
	EndGlobalSection
	GlobalSection(SolutionProperties) = preSolution
		HideSolutionNode = FALSE
	EndGlobalSection
	GlobalSection(ExtensibilityGlobals) = postSolution
		SolutionGuid = {05DB0E90-6191-4312-8AC5-FD66F5ED2D8B}
	EndGlobalSection
EndGlobal
