
Microsoft Visual Studio Solution File, Format Version 12.00
# Visual Studio 15
VisualStudioVersion = 15.0.28307.1145
MinimumVisualStudioVersion = 10.0.40219.1
Project("{FAE04EC0-301F-11D3-BF4B-00C04F79EFBC}") = "CrystalReportsApplication7", "CrystalReportsApplication7\CrystalReportsApplication7.csproj", "{4401C206-9A24-401A-97D9-6A3F9F926733}"
EndProject
Global
	GlobalSection(SolutionConfigurationPlatforms) = preSolution
		Debug|Any CPU = Debug|Any CPU
		Release|Any CPU = Release|Any CPU
	EndGlobalSection
	GlobalSection(ProjectConfigurationPlatforms) = postSolution
		{4401C206-9A24-401A-97D9-6A3F9F926733}.Debug|Any CPU.ActiveCfg = Debug|Any CPU
		{4401C206-9A24-401A-97D9-6A3F9F926733}.Debug|Any CPU.Build.0 = Debug|Any CPU
		{4401C206-9A24-401A-97D9-6A3F9F926733}.Release|Any CPU.ActiveCfg = Release|Any CPU
		{4401C206-9A24-401A-97D9-6A3F9F926733}.Release|Any CPU.Build.0 = Release|Any CPU
	EndGlobalSection
	GlobalSection(SolutionProperties) = preSolution
		HideSolutionNode = FALSE
	EndGlobalSection
	GlobalSection(ExtensibilityGlobals) = postSolution
		SolutionGuid = {37E3F640-51CC-4151-8671-0090B495B5D4}
	EndGlobalSection
EndGlobal
